
Microsoft Visual Studio Solution File, Format Version 12.00
# Visual Studio Version 17
VisualStudioVersion = 17.14.36327.8 d17.14
MinimumVisualStudioVersion = 10.0.40219.1
Project("{FAE04EC0-301F-11D3-BF4B-00C04F79EFBC}") = "ScreenshotOrganizer", "ScreenshotOrganizer\ScreenshotOrganizer.csproj", "{40F44D29-03D3-4F99-BDCA-7AED2DA43859}"
EndProject
Global
	GlobalSection(SolutionConfigurationPlatforms) = preSolution
		Debug|Any CPU = Debug|Any CPU
		Release|Any CPU = Release|Any CPU
	EndGlobalSection
	GlobalSection(ProjectConfigurationPlatforms) = postSolution
		{40F44D29-03D3-4F99-BDCA-7AED2DA43859}.Debug|Any CPU.ActiveCfg = Debug|Any CPU
		{40F44D29-03D3-4F99-BDCA-7AED2DA43859}.Debug|Any CPU.Build.0 = Debug|Any CPU
		{40F44D29-03D3-4F99-BDCA-7AED2DA43859}.Release|Any CPU.ActiveCfg = Release|Any CPU
		{40F44D29-03D3-4F99-BDCA-7AED2DA43859}.Release|Any CPU.Build.0 = Release|Any CPU
	EndGlobalSection
	GlobalSection(SolutionProperties) = preSolution
		HideSolutionNode = FALSE
	EndGlobalSection
	GlobalSection(ExtensibilityGlobals) = postSolution
		SolutionGuid = {C1A7D16F-F4EA-4D7D-8489-055F922F235A}
	EndGlobalSection
EndGlobal
